
Microsoft Visual Studio Solution File, Format Version 12.00
# Visual Studio Version 17
VisualStudioVersion = 17.10.34928.147
MinimumVisualStudioVersion = 10.0.40219.1
Project("{FAE04EC0-301F-11D3-BF4B-00C04F79EFBC}") = "FinanceControl.API", "FinanceControl\FinanceControl.API.csproj", "{467742B3-F3EA-4B1C-A8D8-3D2B28021AAE}"
EndProject
Project("{FAE04EC0-301F-11D3-BF4B-00C04F79EFBC}") = "FinanceControl.Application", "FinanceControl.Application\FinanceControl.Application.csproj", "{931F3416-255B-4315-90CD-4F1F952AC256}"
EndProject
Project("{FAE04EC0-301F-11D3-BF4B-00C04F79EFBC}") = "FinanceControl.Domain", "FinanceControl.Domain\FinanceControl.Domain.csproj", "{DCD7D706-9938-4053-8445-531D3FF25C06}"
EndProject
Project("{FAE04EC0-301F-11D3-BF4B-00C04F79EFBC}") = "FinanceControl.Infraestructure", "FinanceControl.Infraestructure\FinanceControl.Infraestructure.csproj", "{DAE31400-3C0B-4490-85BE-D1ADE4E8FD74}"
EndProject
Global
	GlobalSection(SolutionConfigurationPlatforms) = preSolution
		Debug|Any CPU = Debug|Any CPU
		Release|Any CPU = Release|Any CPU
	EndGlobalSection
	GlobalSection(ProjectConfigurationPlatforms) = postSolution
		{467742B3-F3EA-4B1C-A8D8-3D2B28021AAE}.Debug|Any CPU.ActiveCfg = Debug|Any CPU
		{467742B3-F3EA-4B1C-A8D8-3D2B28021AAE}.Debug|Any CPU.Build.0 = Debug|Any CPU
		{467742B3-F3EA-4B1C-A8D8-3D2B28021AAE}.Release|Any CPU.ActiveCfg = Release|Any CPU
		{467742B3-F3EA-4B1C-A8D8-3D2B28021AAE}.Release|Any CPU.Build.0 = Release|Any CPU
		{931F3416-255B-4315-90CD-4F1F952AC256}.Debug|Any CPU.ActiveCfg = Debug|Any CPU
		{931F3416-255B-4315-90CD-4F1F952AC256}.Debug|Any CPU.Build.0 = Debug|Any CPU
		{931F3416-255B-4315-90CD-4F1F952AC256}.Release|Any CPU.ActiveCfg = Release|Any CPU
		{931F3416-255B-4315-90CD-4F1F952AC256}.Release|Any CPU.Build.0 = Release|Any CPU
		{DCD7D706-9938-4053-8445-531D3FF25C06}.Debug|Any CPU.ActiveCfg = Debug|Any CPU
		{DCD7D706-9938-4053-8445-531D3FF25C06}.Debug|Any CPU.Build.0 = Debug|Any CPU
		{DCD7D706-9938-4053-8445-531D3FF25C06}.Release|Any CPU.ActiveCfg = Release|Any CPU
		{DCD7D706-9938-4053-8445-531D3FF25C06}.Release|Any CPU.Build.0 = Release|Any CPU
		{DAE31400-3C0B-4490-85BE-D1ADE4E8FD74}.Debug|Any CPU.ActiveCfg = Debug|Any CPU
		{DAE31400-3C0B-4490-85BE-D1ADE4E8FD74}.Debug|Any CPU.Build.0 = Debug|Any CPU
		{DAE31400-3C0B-4490-85BE-D1ADE4E8FD74}.Release|Any CPU.ActiveCfg = Release|Any CPU
		{DAE31400-3C0B-4490-85BE-D1ADE4E8FD74}.Release|Any CPU.Build.0 = Release|Any CPU
	EndGlobalSection
	GlobalSection(SolutionProperties) = preSolution
		HideSolutionNode = FALSE
	EndGlobalSection
	GlobalSection(ExtensibilityGlobals) = postSolution
		SolutionGuid = {0ACB2AB8-8F47-41ED-AD5B-329171C3129E}
	EndGlobalSection
EndGlobal
